# This file is autogenerated, do not edit; changes may be undone by the next 'dep ensure'.


[[projects]]
  branch = "master"
  name = "github.com/mitchellh/go-fs"
  packages = ["."]
  revision = "7bae45d9a684750e82b97ff320c82556614e621b"

[solve-meta]
  analyzer-name = "dep"
  analyzer-version = 1
  inputs-digest = "4eed3afa507af6eae6f452a1def5bf3ae7a361dd534db87f1bd3acdecbb97577"
  solver-name = "gps-cdcl"
  solver-version = 1
